// !$*UTF8*$!
{
	archiveVersion = 1;
	classes = {
	};
	objectVersion = 46;
	objects = {

/* Begin PBXBuildFile section */
		3F03ECD21C00C4180078FA6B /* arrow_pink@2x.png in Resources */ = {isa = PBXBuildFile; fileRef = 3F03ECD11C00C4180078FA6B /* arrow_pink@2x.png */; };
		3F03ECD31C00C4180078FA6B /* arrow_pink@2x.png in Resources */ = {isa = PBXBuildFile; fileRef = 3F03ECD11C00C4180078FA6B /* arrow_pink@2x.png */; };
		3F03ECD51C00C5650078FA6B /* arrow_down@2x.png in Resources */ = {isa = PBXBuildFile; fileRef = 3F03ECD41C00C5650078FA6B /* arrow_down@2x.png */; };
		3F03ECD61C00C5650078FA6B /* arrow_down@2x.png in Resources */ = {isa = PBXBuildFile; fileRef = 3F03ECD41C00C5650078FA6B /* arrow_down@2x.png */; };
		3F03ECD81C00C5820078FA6B /* arrow_up@2x.png in Resources */ = {isa = PBXBuildFile; fileRef = 3F03ECD71C00C5820078FA6B /* arrow_up@2x.png */; };
		3F03ECD91C00C5820078FA6B /* arrow_up@2x.png in Resources */ = {isa = PBXBuildFile; fileRef = 3F03ECD71C00C5820078FA6B /* arrow_up@2x.png */; };
		3F03ECDB1C00C70D0078FA6B /* arrow_left@2x.png in Resources */ = {isa = PBXBuildFile; fileRef = 3F03ECDA1C00C70D0078FA6B /* arrow_left@2x.png */; };
		3F03ECDC1C00C70D0078FA6B /* arrow_left@2x.png in Resources */ = {isa = PBXBuildFile; fileRef = 3F03ECDA1C00C70D0078FA6B /* arrow_left@2x.png */; };
		3F1DD0421C011E090092F549 /* StoryboardTemp.storyboard in Resources */ = {isa = PBXBuildFile; fileRef = 3F1DD0411C011E090092F549 /* StoryboardTemp.storyboard */; };
		3F1DD0451C011F720092F549 /* PulsingHaloLayer.m in Sources */ = {isa = PBXBuildFile; fileRef = 3F1DD0441C011F720092F549 /* PulsingHaloLayer.m */; };
		3F1DD0481C0120BF0092F549 /* MarqueeLabel.m in Sources */ = {isa = PBXBuildFile; fileRef = 3F1DD0471C0120BF0092F549 /* MarqueeLabel.m */; };
		3F1DD04B1C0120CF0092F549 /* AKPointAnnotation.m in Sources */ = {isa = PBXBuildFile; fileRef = 3F1DD04A1C0120CF0092F549 /* AKPointAnnotation.m */; };
		3F1DD04E1C01219D0092F549 /* AKAdressSearchTextField.m in Sources */ = {isa = PBXBuildFile; fileRef = 3F1DD04D1C01219D0092F549 /* AKAdressSearchTextField.m */; };
		3F1DD0501C0121AE0092F549 /* caleche logo.png in Resources */ = {isa = PBXBuildFile; fileRef = 3F1DD04F1C0121AE0092F549 /* caleche logo.png */; };
		3F1DD0581C0121C40092F549 /* backArrow.png in Resources */ = {isa = PBXBuildFile; fileRef = 3F1DD0511C0121C40092F549 /* backArrow.png */; };
		3F1DD0591C0121C40092F549 /* pier-bold-italic.otf in Resources */ = {isa = PBXBuildFile; fileRef = 3F1DD0521C0121C40092F549 /* pier-bold-italic.otf */; };
		3F1DD05A1C0121C40092F549 /* pier-bold.otf in Resources */ = {isa = PBXBuildFile; fileRef = 3F1DD0531C0121C40092F549 /* pier-bold.otf */; };
		3F1DD05B1C0121C40092F549 /* pier-italic.otf in Resources */ = {isa = PBXBuildFile; fileRef = 3F1DD0541C0121C40092F549 /* pier-italic.otf */; };
		3F1DD05C1C0121C40092F549 /* pier-regular.otf in Resources */ = {isa = PBXBuildFile; fileRef = 3F1DD0551C0121C40092F549 /* pier-regular.otf */; };
		3F1DD05D1C0121C40092F549 /* pin@2x.png in Resources */ = {isa = PBXBuildFile; fileRef = 3F1DD0561C0121C40092F549 /* pin@2x.png */; };
		3F1DD05E1C0121C40092F549 /* search.png in Resources */ = {isa = PBXBuildFile; fileRef = 3F1DD0571C0121C40092F549 /* search.png */; };
		3F1DD0601C0121D90092F549 /* MapKit.framework in Frameworks */ = {isa = PBXBuildFile; fileRef = 3F1DD05F1C0121D90092F549 /* MapKit.framework */; };
		3F1DD0611C01230F0092F549 /* ViewController.h in Resources */ = {isa = PBXBuildFile; fileRef = 3FA89B101C00683B009750DF /* ViewController.h */; };
		3F1DD0621C01230F0092F549 /* ViewController.m in Resources */ = {isa = PBXBuildFile; fileRef = 3FA89B111C00683B009750DF /* ViewController.m */; };
		3F8C26171C00D943004E58AF /* EverythingTableViewCell.m in Sources */ = {isa = PBXBuildFile; fileRef = 3F8C26151C00D943004E58AF /* EverythingTableViewCell.m */; };
		3F8C26181C00D943004E58AF /* EverythingTableViewCell.xib in Resources */ = {isa = PBXBuildFile; fileRef = 3F8C26161C00D943004E58AF /* EverythingTableViewCell.xib */; };
		3FA89B0C1C00683B009750DF /* main.m in Sources */ = {isa = PBXBuildFile; fileRef = 3FA89B0B1C00683B009750DF /* main.m */; };
		3FA89B0F1C00683B009750DF /* AppDelegate.m in Sources */ = {isa = PBXBuildFile; fileRef = 3FA89B0E1C00683B009750DF /* AppDelegate.m */; };
		3FA89B121C00683B009750DF /* ViewController.m in Sources */ = {isa = PBXBuildFile; fileRef = 3FA89B111C00683B009750DF /* ViewController.m */; };
		3FA89B151C00683B009750DF /* Main.storyboard in Resources */ = {isa = PBXBuildFile; fileRef = 3FA89B131C00683B009750DF /* Main.storyboard */; };
		3FA89B171C00683B009750DF /* Assets.xcassets in Resources */ = {isa = PBXBuildFile; fileRef = 3FA89B161C00683B009750DF /* Assets.xcassets */; };
		3FA89B1A1C00683B009750DF /* LaunchScreen.storyboard in Resources */ = {isa = PBXBuildFile; fileRef = 3FA89B181C00683B009750DF /* LaunchScreen.storyboard */; };
		3FA89B251C00683B009750DF /* CalecheTests.m in Sources */ = {isa = PBXBuildFile; fileRef = 3FA89B241C00683B009750DF /* CalecheTests.m */; };
		3FA89B301C00683B009750DF /* CalecheUITests.m in Sources */ = {isa = PBXBuildFile; fileRef = 3FA89B2F1C00683B009750DF /* CalecheUITests.m */; };
		3FA89B3F1C007FA7009750DF /* ResultsViewController.m in Sources */ = {isa = PBXBuildFile; fileRef = 3FA89B3E1C007FA7009750DF /* ResultsViewController.m */; };
		3FA89B401C007FA7009750DF /* ResultsViewController.m in Sources */ = {isa = PBXBuildFile; fileRef = 3FA89B3E1C007FA7009750DF /* ResultsViewController.m */; };
/* End PBXBuildFile section */

/* Begin PBXContainerItemProxy section */
		3FA89B211C00683B009750DF /* PBXContainerItemProxy */ = {
			isa = PBXContainerItemProxy;
			containerPortal = 3FA89AFF1C00683B009750DF /* Project object */;
			proxyType = 1;
			remoteGlobalIDString = 3FA89B061C00683B009750DF;
			remoteInfo = Caleche;
		};
		3FA89B2C1C00683B009750DF /* PBXContainerItemProxy */ = {
			isa = PBXContainerItemProxy;
			containerPortal = 3FA89AFF1C00683B009750DF /* Project object */;
			proxyType = 1;
			remoteGlobalIDString = 3FA89B061C00683B009750DF;
			remoteInfo = Caleche;
		};
/* End PBXContainerItemProxy section */

/* Begin PBXFileReference section */
		3F03ECD11C00C4180078FA6B /* arrow_pink@2x.png */ = {isa = PBXFileReference; lastKnownFileType = image.png; path = "arrow_pink@2x.png"; sourceTree = "<group>"; };
		3F03ECD41C00C5650078FA6B /* arrow_down@2x.png */ = {isa = PBXFileReference; lastKnownFileType = image.png; path = "arrow_down@2x.png"; sourceTree = "<group>"; };
		3F03ECD71C00C5820078FA6B /* arrow_up@2x.png */ = {isa = PBXFileReference; lastKnownFileType = image.png; name = "arrow_up@2x.png"; path = "../../../Downloads/arrow_up@2x.png"; sourceTree = "<group>"; };
		3F03ECDA1C00C70D0078FA6B /* arrow_left@2x.png */ = {isa = PBXFileReference; lastKnownFileType = image.png; path = "arrow_left@2x.png"; sourceTree = "<group>"; };
		3F1DD0411C011E090092F549 /* StoryboardTemp.storyboard */ = {isa = PBXFileReference; fileEncoding = 4; lastKnownFileType = file.storyboard; path = StoryboardTemp.storyboard; sourceTree = "<group>"; };
		3F1DD0431C011F720092F549 /* PulsingHaloLayer.h */ = {isa = PBXFileReference; fileEncoding = 4; lastKnownFileType = sourcecode.c.h; name = PulsingHaloLayer.h; path = "../../../../Downloads/PulsingHalo-master/PulsingHalo/PulsingHaloLayer.h"; sourceTree = "<group>"; };
		3F1DD0441C011F720092F549 /* PulsingHaloLayer.m */ = {isa = PBXFileReference; fileEncoding = 4; lastKnownFileType = sourcecode.c.objc; name = PulsingHaloLayer.m; path = "../../../../Downloads/PulsingHalo-master/PulsingHalo/PulsingHaloLayer.m"; sourceTree = "<group>"; };
		3F1DD0461C0120BF0092F549 /* MarqueeLabel.h */ = {isa = PBXFileReference; fileEncoding = 4; lastKnownFileType = sourcecode.c.h; path = MarqueeLabel.h; sourceTree = "<group>"; };
		3F1DD0471C0120BF0092F549 /* MarqueeLabel.m */ = {isa = PBXFileReference; fileEncoding = 4; lastKnownFileType = sourcecode.c.objc; path = MarqueeLabel.m; sourceTree = "<group>"; };
		3F1DD0491C0120CF0092F549 /* AKPointAnnotation.h */ = {isa = PBXFileReference; fileEncoding = 4; lastKnownFileType = sourcecode.c.h; path = AKPointAnnotation.h; sourceTree = "<group>"; };
		3F1DD04A1C0120CF0092F549 /* AKPointAnnotation.m */ = {isa = PBXFileReference; fileEncoding = 4; lastKnownFileType = sourcecode.c.objc; path = AKPointAnnotation.m; sourceTree = "<group>"; };
		3F1DD04C1C01219D0092F549 /* AKAdressSearchTextField.h */ = {isa = PBXFileReference; fileEncoding = 4; lastKnownFileType = sourcecode.c.h; path = AKAdressSearchTextField.h; sourceTree = "<group>"; };
		3F1DD04D1C01219D0092F549 /* AKAdressSearchTextField.m */ = {isa = PBXFileReference; fileEncoding = 4; lastKnownFileType = sourcecode.c.objc; path = AKAdressSearchTextField.m; sourceTree = "<group>"; };
		3F1DD04F1C0121AE0092F549 /* caleche logo.png */ = {isa = PBXFileReference; lastKnownFileType = image.png; path = "caleche logo.png"; sourceTree = "<group>"; };
		3F1DD0511C0121C40092F549 /* backArrow.png */ = {isa = PBXFileReference; lastKnownFileType = image.png; path = backArrow.png; sourceTree = "<group>"; };
		3F1DD0521C0121C40092F549 /* pier-bold-italic.otf */ = {isa = PBXFileReference; lastKnownFileType = file; path = "pier-bold-italic.otf"; sourceTree = "<group>"; };
		3F1DD0531C0121C40092F549 /* pier-bold.otf */ = {isa = PBXFileReference; lastKnownFileType = file; path = "pier-bold.otf"; sourceTree = "<group>"; };
		3F1DD0541C0121C40092F549 /* pier-italic.otf */ = {isa = PBXFileReference; lastKnownFileType = file; path = "pier-italic.otf"; sourceTree = "<group>"; };
		3F1DD0551C0121C40092F549 /* pier-regular.otf */ = {isa = PBXFileReference; lastKnownFileType = file; path = "pier-regular.otf"; sourceTree = "<group>"; };
		3F1DD0561C0121C40092F549 /* pin@2x.png */ = {isa = PBXFileReference; lastKnownFileType = image.png; path = "pin@2x.png"; sourceTree = "<group>"; };
		3F1DD0571C0121C40092F549 /* search.png */ = {isa = PBXFileReference; lastKnownFileType = image.png; path = search.png; sourceTree = "<group>"; };
		3F1DD05F1C0121D90092F549 /* MapKit.framework */ = {isa = PBXFileReference; lastKnownFileType = wrapper.framework; name = MapKit.framework; path = System/Library/Frameworks/MapKit.framework; sourceTree = SDKROOT; };
		3F8C26141C00D943004E58AF /* EverythingTableViewCell.h */ = {isa = PBXFileReference; fileEncoding = 4; lastKnownFileType = sourcecode.c.h; path = EverythingTableViewCell.h; sourceTree = "<group>"; };
		3F8C26151C00D943004E58AF /* EverythingTableViewCell.m */ = {isa = PBXFileReference; fileEncoding = 4; lastKnownFileType = sourcecode.c.objc; path = EverythingTableViewCell.m; sourceTree = "<group>"; };
		3F8C26161C00D943004E58AF /* EverythingTableViewCell.xib */ = {isa = PBXFileReference; fileEncoding = 4; lastKnownFileType = file.xib; path = EverythingTableViewCell.xib; sourceTree = "<group>"; };
		3FA89B071C00683B009750DF /* Caleche.app */ = {isa = PBXFileReference; explicitFileType = wrapper.application; includeInIndex = 0; path = Caleche.app; sourceTree = BUILT_PRODUCTS_DIR; };
		3FA89B0B1C00683B009750DF /* main.m */ = {isa = PBXFileReference; lastKnownFileType = sourcecode.c.objc; path = main.m; sourceTree = "<group>"; };
		3FA89B0D1C00683B009750DF /* AppDelegate.h */ = {isa = PBXFileReference; lastKnownFileType = sourcecode.c.h; path = AppDelegate.h; sourceTree = "<group>"; };
		3FA89B0E1C00683B009750DF /* AppDelegate.m */ = {isa = PBXFileReference; lastKnownFileType = sourcecode.c.objc; path = AppDelegate.m; sourceTree = "<group>"; };
		3FA89B101C00683B009750DF /* ViewController.h */ = {isa = PBXFileReference; lastKnownFileType = sourcecode.c.h; path = ViewController.h; sourceTree = "<group>"; };
		3FA89B111C00683B009750DF /* ViewController.m */ = {isa = PBXFileReference; lastKnownFileType = sourcecode.c.objc; path = ViewController.m; sourceTree = "<group>"; };
		3FA89B141C00683B009750DF /* Base */ = {isa = PBXFileReference; lastKnownFileType = file.storyboard; name = Base; path = Base.lproj/Main.storyboard; sourceTree = "<group>"; };
		3FA89B161C00683B009750DF /* Assets.xcassets */ = {isa = PBXFileReference; lastKnownFileType = folder.assetcatalog; path = Assets.xcassets; sourceTree = "<group>"; };
		3FA89B191C00683B009750DF /* Base */ = {isa = PBXFileReference; lastKnownFileType = file.storyboard; name = Base; path = Base.lproj/LaunchScreen.storyboard; sourceTree = "<group>"; };
		3FA89B1B1C00683B009750DF /* Info.plist */ = {isa = PBXFileReference; lastKnownFileType = text.plist.xml; path = Info.plist; sourceTree = "<group>"; };
		3FA89B201C00683B009750DF /* CalecheTests.xctest */ = {isa = PBXFileReference; explicitFileType = wrapper.cfbundle; includeInIndex = 0; path = CalecheTests.xctest; sourceTree = BUILT_PRODUCTS_DIR; };
		3FA89B241C00683B009750DF /* CalecheTests.m */ = {isa = PBXFileReference; lastKnownFileType = sourcecode.c.objc; path = CalecheTests.m; sourceTree = "<group>"; };
		3FA89B261C00683B009750DF /* Info.plist */ = {isa = PBXFileReference; lastKnownFileType = text.plist.xml; path = Info.plist; sourceTree = "<group>"; };
		3FA89B2B1C00683B009750DF /* CalecheUITests.xctest */ = {isa = PBXFileReference; explicitFileType = wrapper.cfbundle; includeInIndex = 0; path = CalecheUITests.xctest; sourceTree = BUILT_PRODUCTS_DIR; };
		3FA89B2F1C00683B009750DF /* CalecheUITests.m */ = {isa = PBXFileReference; lastKnownFileType = sourcecode.c.objc; path = CalecheUITests.m; sourceTree = "<group>"; };
		3FA89B311C00683B009750DF /* Info.plist */ = {isa = PBXFileReference; lastKnownFileType = text.plist.xml; path = Info.plist; sourceTree = "<group>"; };
		3FA89B3D1C007FA7009750DF /* ResultsViewController.h */ = {isa = PBXFileReference; fileEncoding = 4; lastKnownFileType = sourcecode.c.h; path = ResultsViewController.h; sourceTree = "<group>"; };
		3FA89B3E1C007FA7009750DF /* ResultsViewController.m */ = {isa = PBXFileReference; fileEncoding = 4; lastKnownFileType = sourcecode.c.objc; path = ResultsViewController.m; sourceTree = "<group>"; };
/* End PBXFileReference section */

/* Begin PBXFrameworksBuildPhase section */
		3FA89B041C00683B009750DF /* Frameworks */ = {
			isa = PBXFrameworksBuildPhase;
			buildActionMask = 2147483647;
			files = (
				3F1DD0601C0121D90092F549 /* MapKit.framework in Frameworks */,
			);
			runOnlyForDeploymentPostprocessing = 0;
		};
		3FA89B1D1C00683B009750DF /* Frameworks */ = {
			isa = PBXFrameworksBuildPhase;
			buildActionMask = 2147483647;
			files = (
			);
			runOnlyForDeploymentPostprocessing = 0;
		};
		3FA89B281C00683B009750DF /* Frameworks */ = {
			isa = PBXFrameworksBuildPhase;
			buildActionMask = 2147483647;
			files = (
			);
			runOnlyForDeploymentPostprocessing = 0;
		};
/* End PBXFrameworksBuildPhase section */

/* Begin PBXGroup section */
		3FA89AFE1C00683B009750DF = {
			isa = PBXGroup;
			children = (
				3F1DD05F1C0121D90092F549 /* MapKit.framework */,
				3FA89B091C00683B009750DF /* Caleche */,
				3FA89B231C00683B009750DF /* CalecheTests */,
				3FA89B2E1C00683B009750DF /* CalecheUITests */,
				3FA89B081C00683B009750DF /* Products */,
			);
			sourceTree = "<group>";
		};
		3FA89B081C00683B009750DF /* Products */ = {
			isa = PBXGroup;
			children = (
				3FA89B071C00683B009750DF /* Caleche.app */,
				3FA89B201C00683B009750DF /* CalecheTests.xctest */,
				3FA89B2B1C00683B009750DF /* CalecheUITests.xctest */,
			);
			name = Products;
			sourceTree = "<group>";
		};
		3FA89B091C00683B009750DF /* Caleche */ = {
			isa = PBXGroup;
			children = (
				3F1DD04C1C01219D0092F549 /* AKAdressSearchTextField.h */,
				3F1DD04D1C01219D0092F549 /* AKAdressSearchTextField.m */,
				3F1DD0491C0120CF0092F549 /* AKPointAnnotation.h */,
				3F1DD04A1C0120CF0092F549 /* AKPointAnnotation.m */,
				DAC12FC61C010A3100C088CC /* MarqueeLabel */,
				DAC12FBF1C01060000C088CC /* PulsingHalo */,
				3FA89B0D1C00683B009750DF /* AppDelegate.h */,
				3FA89B0E1C00683B009750DF /* AppDelegate.m */,
				3FA89B101C00683B009750DF /* ViewController.h */,
				3FA89B111C00683B009750DF /* ViewController.m */,
				3FA89B131C00683B009750DF /* Main.storyboard */,
				3F1DD0411C011E090092F549 /* StoryboardTemp.storyboard */,
				3FA89B3D1C007FA7009750DF /* ResultsViewController.h */,
				3F8C26141C00D943004E58AF /* EverythingTableViewCell.h */,
				3F8C26151C00D943004E58AF /* EverythingTableViewCell.m */,
				3F8C26161C00D943004E58AF /* EverythingTableViewCell.xib */,
				3FA89B3E1C007FA7009750DF /* ResultsViewController.m */,
				3FA89B161C00683B009750DF /* Assets.xcassets */,
				3FA89B181C00683B009750DF /* LaunchScreen.storyboard */,
				3FA89B1B1C00683B009750DF /* Info.plist */,
				3FA89B0A1C00683B009750DF /* Supporting Files */,
			);
			path = Caleche;
			sourceTree = "<group>";
		};
		3FA89B0A1C00683B009750DF /* Supporting Files */ = {
			isa = PBXGroup;
			children = (
				DAC12FA21C007E3500C088CC /* Fonts */,
				3FA89B0B1C00683B009750DF /* main.m */,
				3F1DD0561C0121C40092F549 /* pin@2x.png */,
				3F1DD0571C0121C40092F549 /* search.png */,
				3F1DD04F1C0121AE0092F549 /* caleche logo.png */,
				3F03ECD41C00C5650078FA6B /* arrow_down@2x.png */,
				3F03ECD11C00C4180078FA6B /* arrow_pink@2x.png */,
				3F03ECD71C00C5820078FA6B /* arrow_up@2x.png */,
				3F03ECDA1C00C70D0078FA6B /* arrow_left@2x.png */,
			);
			name = "Supporting Files";
			sourceTree = "<group>";
		};
		3FA89B231C00683B009750DF /* CalecheTests */ = {
			isa = PBXGroup;
			children = (
				3FA89B241C00683B009750DF /* CalecheTests.m */,
				3FA89B261C00683B009750DF /* Info.plist */,
			);
			path = CalecheTests;
			sourceTree = "<group>";
		};
		3FA89B2E1C00683B009750DF /* CalecheUITests */ = {
			isa = PBXGroup;
			children = (
				3FA89B2F1C00683B009750DF /* CalecheUITests.m */,
				3FA89B311C00683B009750DF /* Info.plist */,
			);
			path = CalecheUITests;
			sourceTree = "<group>";
		};
		DAC12FA21C007E3500C088CC /* Fonts */ = {
			isa = PBXGroup;
			children = (
				3F1DD0511C0121C40092F549 /* backArrow.png */,
				3F1DD0521C0121C40092F549 /* pier-bold-italic.otf */,
				3F1DD0531C0121C40092F549 /* pier-bold.otf */,
				3F1DD0541C0121C40092F549 /* pier-italic.otf */,
				3F1DD0551C0121C40092F549 /* pier-regular.otf */,
			);
			name = Fonts;
			sourceTree = "<group>";
		};
		DAC12FBF1C01060000C088CC /* PulsingHalo */ = {
			isa = PBXGroup;
			children = (
				3F1DD0431C011F720092F549 /* PulsingHaloLayer.h */,
				3F1DD0441C011F720092F549 /* PulsingHaloLayer.m */,
			);
			path = PulsingHalo;
			sourceTree = "<group>";
		};
		DAC12FC61C010A3100C088CC /* MarqueeLabel */ = {
			isa = PBXGroup;
			children = (
				3F1DD0461C0120BF0092F549 /* MarqueeLabel.h */,
				3F1DD0471C0120BF0092F549 /* MarqueeLabel.m */,
			);
			name = MarqueeLabel;
			sourceTree = "<group>";
		};
/* End PBXGroup section */

/* Begin PBXNativeTarget section */
		3FA89B061C00683B009750DF /* Caleche */ = {
			isa = PBXNativeTarget;
			buildConfigurationList = 3FA89B341C00683B009750DF /* Build configuration list for PBXNativeTarget "Caleche" */;
			buildPhases = (
				3FA89B031C00683B009750DF /* Sources */,
				3FA89B041C00683B009750DF /* Frameworks */,
				3FA89B051C00683B009750DF /* Resources */,
			);
			buildRules = (
			);
			dependencies = (
			);
			name = Caleche;
			productName = Caleche;
			productReference = 3FA89B071C00683B009750DF /* Caleche.app */;
			productType = "com.apple.product-type.application";
		};
		3FA89B1F1C00683B009750DF /* CalecheTests */ = {
			isa = PBXNativeTarget;
			buildConfigurationList = 3FA89B371C00683B009750DF /* Build configuration list for PBXNativeTarget "CalecheTests" */;
			buildPhases = (
				3FA89B1C1C00683B009750DF /* Sources */,
				3FA89B1D1C00683B009750DF /* Frameworks */,
				3FA89B1E1C00683B009750DF /* Resources */,
			);
			buildRules = (
			);
			dependencies = (
				3FA89B221C00683B009750DF /* PBXTargetDependency */,
			);
			name = CalecheTests;
			productName = CalecheTests;
			productReference = 3FA89B201C00683B009750DF /* CalecheTests.xctest */;
			productType = "com.apple.product-type.bundle.unit-test";
		};
		3FA89B2A1C00683B009750DF /* CalecheUITests */ = {
			isa = PBXNativeTarget;
			buildConfigurationList = 3FA89B3A1C00683B009750DF /* Build configuration list for PBXNativeTarget "CalecheUITests" */;
			buildPhases = (
				3FA89B271C00683B009750DF /* Sources */,
				3FA89B281C00683B009750DF /* Frameworks */,
				3FA89B291C00683B009750DF /* Resources */,
			);
			buildRules = (
			);
			dependencies = (
				3FA89B2D1C00683B009750DF /* PBXTargetDependency */,
			);
			name = CalecheUITests;
			productName = CalecheUITests;
			productReference = 3FA89B2B1C00683B009750DF /* CalecheUITests.xctest */;
			productType = "com.apple.product-type.bundle.ui-testing";
		};
/* End PBXNativeTarget section */

/* Begin PBXProject section */
		3FA89AFF1C00683B009750DF /* Project object */ = {
			isa = PBXProject;
			attributes = {
				LastUpgradeCheck = 0710;
				ORGANIZATIONNAME = "Rod Matveev";
				TargetAttributes = {
					3FA89B061C00683B009750DF = {
						CreatedOnToolsVersion = 7.1;
						DevelopmentTeam = D5F6WJW852;
					};
					3FA89B1F1C00683B009750DF = {
						CreatedOnToolsVersion = 7.1;
						TestTargetID = 3FA89B061C00683B009750DF;
					};
					3FA89B2A1C00683B009750DF = {
						CreatedOnToolsVersion = 7.1;
						TestTargetID = 3FA89B061C00683B009750DF;
					};
				};
			};
			buildConfigurationList = 3FA89B021C00683B009750DF /* Build configuration list for PBXProject "Caleche" */;
			compatibilityVersion = "Xcode 3.2";
			developmentRegion = English;
			hasScannedForEncodings = 0;
			knownRegions = (
				en,
				Base,
			);
			mainGroup = 3FA89AFE1C00683B009750DF;
			productRefGroup = 3FA89B081C00683B009750DF /* Products */;
			projectDirPath = "";
			projectRoot = "";
			targets = (
				3FA89B061C00683B009750DF /* Caleche */,
				3FA89B1F1C00683B009750DF /* CalecheTests */,
				3FA89B2A1C00683B009750DF /* CalecheUITests */,
			);
		};
/* End PBXProject section */

/* Begin PBXResourcesBuildPhase section */
		3FA89B051C00683B009750DF /* Resources */ = {
			isa = PBXResourcesBuildPhase;
			buildActionMask = 2147483647;
			files = (
				3F1DD0611C01230F0092F549 /* ViewController.h in Resources */,
				3F1DD0621C01230F0092F549 /* ViewController.m in Resources */,
				3F1DD0581C0121C40092F549 /* backArrow.png in Resources */,
				3FA89B1A1C00683B009750DF /* LaunchScreen.storyboard in Resources */,
				3F1DD05A1C0121C40092F549 /* pier-bold.otf in Resources */,
				3F1DD05E1C0121C40092F549 /* search.png in Resources */,
				3F1DD0501C0121AE0092F549 /* caleche logo.png in Resources */,
				3F1DD0421C011E090092F549 /* StoryboardTemp.storyboard in Resources */,
				3F03ECD81C00C5820078FA6B /* arrow_up@2x.png in Resources */,
				3FA89B171C00683B009750DF /* Assets.xcassets in Resources */,
				3F1DD05B1C0121C40092F549 /* pier-italic.otf in Resources */,
				3F03ECD21C00C4180078FA6B /* arrow_pink@2x.png in Resources */,
				3F1DD05C1C0121C40092F549 /* pier-regular.otf in Resources */,
				3F8C26181C00D943004E58AF /* EverythingTableViewCell.xib in Resources */,
				3F1DD0591C0121C40092F549 /* pier-bold-italic.otf in Resources */,
				3F03ECD51C00C5650078FA6B /* arrow_down@2x.png in Resources */,
				3FA89B151C00683B009750DF /* Main.storyboard in Resources */,
				3F1DD05D1C0121C40092F549 /* pin@2x.png in Resources */,
				3F03ECDB1C00C70D0078FA6B /* arrow_left@2x.png in Resources */,
			);
			runOnlyForDeploymentPostprocessing = 0;
		};
		3FA89B1E1C00683B009750DF /* Resources */ = {
			isa = PBXResourcesBuildPhase;
			buildActionMask = 2147483647;
			files = (
				3F03ECD61C00C5650078FA6B /* arrow_down@2x.png in Resources */,
				3F03ECD91C00C5820078FA6B /* arrow_up@2x.png in Resources */,
				3F03ECD31C00C4180078FA6B /* arrow_pink@2x.png in Resources */,
				3F03ECDC1C00C70D0078FA6B /* arrow_left@2x.png in Resources */,
			);
			runOnlyForDeploymentPostprocessing = 0;
		};
		3FA89B291C00683B009750DF /* Resources */ = {
			isa = PBXResourcesBuildPhase;
			buildActionMask = 2147483647;
			files = (
			);
			runOnlyForDeploymentPostprocessing = 0;
		};
/* End PBXResourcesBuildPhase section */

/* Begin PBXSourcesBuildPhase section */
		3FA89B031C00683B009750DF /* Sources */ = {
			isa = PBXSourcesBuildPhase;
			buildActionMask = 2147483647;
			files = (
				3F1DD0451C011F720092F549 /* PulsingHaloLayer.m in Sources */,
				3FA89B121C00683B009750DF /* ViewController.m in Sources */,
				3FA89B0F1C00683B009750DF /* AppDelegate.m in Sources */,
				3F1DD0481C0120BF0092F549 /* MarqueeLabel.m in Sources */,
				3F8C26171C00D943004E58AF /* EverythingTableViewCell.m in Sources */,
				3FA89B0C1C00683B009750DF /* main.m in Sources */,
				3F1DD04E1C01219D0092F549 /* AKAdressSearchTextField.m in Sources */,
				3FA89B3F1C007FA7009750DF /* ResultsViewController.m in Sources */,
				3F1DD04B1C0120CF0092F549 /* AKPointAnnotation.m in Sources */,
			);
			runOnlyForDeploymentPostprocessing = 0;
		};
		3FA89B1C1C00683B009750DF /* Sources */ = {
			isa = PBXSourcesBuildPhase;
			buildActionMask = 2147483647;
			files = (
				3FA89B251C00683B009750DF /* CalecheTests.m in Sources */,
				3FA89B401C007FA7009750DF /* ResultsViewController.m in Sources */,
			);
			runOnlyForDeploymentPostprocessing = 0;
		};
		3FA89B271C00683B009750DF /* Sources */ = {
			isa = PBXSourcesBuildPhase;
			buildActionMask = 2147483647;
			files = (
				3FA89B301C00683B009750DF /* CalecheUITests.m in Sources */,
			);
			runOnlyForDeploymentPostprocessing = 0;
		};
/* End PBXSourcesBuildPhase section */

/* Begin PBXTargetDependency section */
		3FA89B221C00683B009750DF /* PBXTargetDependency */ = {
			isa = PBXTargetDependency;
			target = 3FA89B061C00683B009750DF /* Caleche */;
			targetProxy = 3FA89B211C00683B009750DF /* PBXContainerItemProxy */;
		};
		3FA89B2D1C00683B009750DF /* PBXTargetDependency */ = {
			isa = PBXTargetDependency;
			target = 3FA89B061C00683B009750DF /* Caleche */;
			targetProxy = 3FA89B2C1C00683B009750DF /* PBXContainerItemProxy */;
		};
/* End PBXTargetDependency section */

/* Begin PBXVariantGroup section */
		3FA89B131C00683B009750DF /* Main.storyboard */ = {
			isa = PBXVariantGroup;
			children = (
				3FA89B141C00683B009750DF /* Base */,
			);
			name = Main.storyboard;
			sourceTree = "<group>";
		};
		3FA89B181C00683B009750DF /* LaunchScreen.storyboard */ = {
			isa = PBXVariantGroup;
			children = (
				3FA89B191C00683B009750DF /* Base */,
			);
			name = LaunchScreen.storyboard;
			sourceTree = "<group>";
		};
/* End PBXVariantGroup section */

/* Begin XCBuildConfiguration section */
		3FA89B321C00683B009750DF /* Debug */ = {
			isa = XCBuildConfiguration;
			buildSettings = {
				ALWAYS_SEARCH_USER_PATHS = NO;
				CLANG_CXX_LANGUAGE_STANDARD = "gnu++0x";
				CLANG_CXX_LIBRARY = "libc++";
				CLANG_ENABLE_MODULES = YES;
				CLANG_ENABLE_OBJC_ARC = YES;
				CLANG_WARN_BOOL_CONVERSION = YES;
				CLANG_WARN_CONSTANT_CONVERSION = YES;
				CLANG_WARN_DIRECT_OBJC_ISA_USAGE = YES_ERROR;
				CLANG_WARN_EMPTY_BODY = YES;
				CLANG_WARN_ENUM_CONVERSION = YES;
				CLANG_WARN_INT_CONVERSION = YES;
				CLANG_WARN_OBJC_ROOT_CLASS = YES_ERROR;
				CLANG_WARN_UNREACHABLE_CODE = YES;
				CLANG_WARN__DUPLICATE_METHOD_MATCH = YES;
				"CODE_SIGN_IDENTITY[sdk=iphoneos*]" = "iPhone Developer";
				COPY_PHASE_STRIP = NO;
				DEBUG_INFORMATION_FORMAT = dwarf;
				ENABLE_STRICT_OBJC_MSGSEND = YES;
				ENABLE_TESTABILITY = YES;
				GCC_C_LANGUAGE_STANDARD = gnu99;
				GCC_DYNAMIC_NO_PIC = NO;
				GCC_NO_COMMON_BLOCKS = YES;
				GCC_OPTIMIZATION_LEVEL = 0;
				GCC_PREPROCESSOR_DEFINITIONS = (
					"DEBUG=1",
					"$(inherited)",
				);
				GCC_WARN_64_TO_32_BIT_CONVERSION = YES;
				GCC_WARN_ABOUT_RETURN_TYPE = YES_ERROR;
				GCC_WARN_UNDECLARED_SELECTOR = YES;
				GCC_WARN_UNINITIALIZED_AUTOS = YES_AGGRESSIVE;
				GCC_WARN_UNUSED_FUNCTION = YES;
				GCC_WARN_UNUSED_VARIABLE = YES;
				IPHONEOS_DEPLOYMENT_TARGET = 9.1;
				MTL_ENABLE_DEBUG_INFO = YES;
				ONLY_ACTIVE_ARCH = YES;
				SDKROOT = iphoneos;
			};
			name = Debug;
		};
		3FA89B331C00683B009750DF /* Release */ = {
			isa = XCBuildConfiguration;
			buildSettings = {
				ALWAYS_SEARCH_USER_PATHS = NO;
				CLANG_CXX_LANGUAGE_STANDARD = "gnu++0x";
				CLANG_CXX_LIBRARY = "libc++";
				CLANG_ENABLE_MODULES = YES;
				CLANG_ENABLE_OBJC_ARC = YES;
				CLANG_WARN_BOOL_CONVERSION = YES;
				CLANG_WARN_CONSTANT_CONVERSION = YES;
				CLANG_WARN_DIRECT_OBJC_ISA_USAGE = YES_ERROR;
				CLANG_WARN_EMPTY_BODY = YES;
				CLANG_WARN_ENUM_CONVERSION = YES;
				CLANG_WARN_INT_CONVERSION = YES;
				CLANG_WARN_OBJC_ROOT_CLASS = YES_ERROR;
				CLANG_WARN_UNREACHABLE_CODE = YES;
				CLANG_WARN__DUPLICATE_METHOD_MATCH = YES;
				"CODE_SIGN_IDENTITY[sdk=iphoneos*]" = "iPhone Developer";
				COPY_PHASE_STRIP = NO;
				DEBUG_INFORMATION_FORMAT = "dwarf-with-dsym";
				ENABLE_NS_ASSERTIONS = NO;
				ENABLE_STRICT_OBJC_MSGSEND = YES;
				GCC_C_LANGUAGE_STANDARD = gnu99;
				GCC_NO_COMMON_BLOCKS = YES;
				GCC_WARN_64_TO_32_BIT_CONVERSION = YES;
				GCC_WARN_ABOUT_RETURN_TYPE = YES_ERROR;
				GCC_WARN_UNDECLARED_SELECTOR = YES;
				GCC_WARN_UNINITIALIZED_AUTOS = YES_AGGRESSIVE;
				GCC_WARN_UNUSED_FUNCTION = YES;
				GCC_WARN_UNUSED_VARIABLE = YES;
				IPHONEOS_DEPLOYMENT_TARGET = 9.1;
				MTL_ENABLE_DEBUG_INFO = NO;
				SDKROOT = iphoneos;
				VALIDATE_PRODUCT = YES;
			};
			name = Release;
		};
		3FA89B351C00683B009750DF /* Debug */ = {
			isa = XCBuildConfiguration;
			buildSettings = {
				ASSETCATALOG_COMPILER_APPICON_NAME = AppIcon;
				CODE_SIGN_IDENTITY = "iPhone Developer";
				INFOPLIST_FILE = Caleche/Info.plist;
				LD_RUNPATH_SEARCH_PATHS = "$(inherited) @executable_path/Frameworks";
				PRODUCT_BUNDLE_IDENTIFIER = RMAK.Caleche;
				PRODUCT_NAME = "$(TARGET_NAME)";
			};
			name = Debug;
		};
		3FA89B361C00683B009750DF /* Release */ = {
			isa = XCBuildConfiguration;
			buildSettings = {
				ASSETCATALOG_COMPILER_APPICON_NAME = AppIcon;
				CODE_SIGN_IDENTITY = "iPhone Developer";
				INFOPLIST_FILE = Caleche/Info.plist;
				LD_RUNPATH_SEARCH_PATHS = "$(inherited) @executable_path/Frameworks";
				PRODUCT_BUNDLE_IDENTIFIER = RMAK.Caleche;
				PRODUCT_NAME = "$(TARGET_NAME)";
			};
			name = Release;
		};
		3FA89B381C00683B009750DF /* Debug */ = {
			isa = XCBuildConfiguration;
			buildSettings = {
				BUNDLE_LOADER = "$(TEST_HOST)";
				INFOPLIST_FILE = CalecheTests/Info.plist;
				LD_RUNPATH_SEARCH_PATHS = "$(inherited) @executable_path/Frameworks @loader_path/Frameworks";
				PRODUCT_BUNDLE_IDENTIFIER = RMAK.CalecheTests;
				PRODUCT_NAME = "$(TARGET_NAME)";
				TEST_HOST = "$(BUILT_PRODUCTS_DIR)/Caleche.app/Caleche";
			};
			name = Debug;
		};
		3FA89B391C00683B009750DF /* Release */ = {
			isa = XCBuildConfiguration;
			buildSettings = {
				BUNDLE_LOADER = "$(TEST_HOST)";
				INFOPLIST_FILE = CalecheTests/Info.plist;
				LD_RUNPATH_SEARCH_PATHS = "$(inherited) @executable_path/Frameworks @loader_path/Frameworks";
				PRODUCT_BUNDLE_IDENTIFIER = RMAK.CalecheTests;
				PRODUCT_NAME = "$(TARGET_NAME)";
				TEST_HOST = "$(BUILT_PRODUCTS_DIR)/Caleche.app/Caleche";
			};
			name = Release;
		};
		3FA89B3B1C00683B009750DF /* Debug */ = {
			isa = XCBuildConfiguration;
			buildSettings = {
				INFOPLIST_FILE = CalecheUITests/Info.plist;
				LD_RUNPATH_SEARCH_PATHS = "$(inherited) @executable_path/Frameworks @loader_path/Frameworks";
				PRODUCT_BUNDLE_IDENTIFIER = RMAK.CalecheUITests;
				PRODUCT_NAME = "$(TARGET_NAME)";
				TEST_TARGET_NAME = Caleche;
				USES_XCTRUNNER = YES;
			};
			name = Debug;
		};
		3FA89B3C1C00683B009750DF /* Release */ = {
			isa = XCBuildConfiguration;
			buildSettings = {
				INFOPLIST_FILE = CalecheUITests/Info.plist;
				LD_RUNPATH_SEARCH_PATHS = "$(inherited) @executable_path/Frameworks @loader_path/Frameworks";
				PRODUCT_BUNDLE_IDENTIFIER = RMAK.CalecheUITests;
				PRODUCT_NAME = "$(TARGET_NAME)";
				TEST_TARGET_NAME = Caleche;
				USES_XCTRUNNER = YES;
			};
			name = Release;
		};
/* End XCBuildConfiguration section */

/* Begin XCConfigurationList section */
		3FA89B021C00683B009750DF /* Build configuration list for PBXProject "Caleche" */ = {
			isa = XCConfigurationList;
			buildConfigurations = (
				3FA89B321C00683B009750DF /* Debug */,
				3FA89B331C00683B009750DF /* Release */,
			);
			defaultConfigurationIsVisible = 0;
			defaultConfigurationName = Release;
		};
		3FA89B341C00683B009750DF /* Build configuration list for PBXNativeTarget "Caleche" */ = {
			isa = XCConfigurationList;
			buildConfigurations = (
				3FA89B351C00683B009750DF /* Debug */,
				3FA89B361C00683B009750DF /* Release */,
			);
			defaultConfigurationIsVisible = 0;
			defaultConfigurationName = Release;
		};
		3FA89B371C00683B009750DF /* Build configuration list for PBXNativeTarget "CalecheTests" */ = {
			isa = XCConfigurationList;
			buildConfigurations = (
				3FA89B381C00683B009750DF /* Debug */,
				3FA89B391C00683B009750DF /* Release */,
			);
			defaultConfigurationIsVisible = 0;
			defaultConfigurationName = Release;
		};
		3FA89B3A1C00683B009750DF /* Build configuration list for PBXNativeTarget "CalecheUITests" */ = {
			isa = XCConfigurationList;
			buildConfigurations = (
				3FA89B3B1C00683B009750DF /* Debug */,
				3FA89B3C1C00683B009750DF /* Release */,
			);
			defaultConfigurationIsVisible = 0;
			defaultConfigurationName = Release;
		};
/* End XCConfigurationList section */
	};
	rootObject = 3FA89AFF1C00683B009750DF /* Project object */;
}
